// !$*UTF8*$!
{
	archiveVersion = 1;
	classes = {
	};
	objectVersion = 46;
	objects = {

/* Begin PBXBuildFile section */
		EB8E9EFF19627828003C3320 /* Foundation.framework in Frameworks */ = {isa = PBXBuildFile; fileRef = EB8E9EFE19627828003C3320 /* Foundation.framework */; };
		EB8E9F0119627828003C3320 /* CoreGraphics.framework in Frameworks */ = {isa = PBXBuildFile; fileRef = EB8E9F0019627828003C3320 /* CoreGraphics.framework */; };
		EB8E9F0319627828003C3320 /* UIKit.framework in Frameworks */ = {isa = PBXBuildFile; fileRef = EB8E9F0219627828003C3320 /* UIKit.framework */; };
		EB8E9F0919627828003C3320 /* InfoPlist.strings in Resources */ = {isa = PBXBuildFile; fileRef = EB8E9F0719627828003C3320 /* InfoPlist.strings */; };
		EB8E9F0B19627828003C3320 /* main.m in Sources */ = {isa = PBXBuildFile; fileRef = EB8E9F0A19627828003C3320 /* main.m */; };
		EB8E9F0F19627828003C3320 /* BSAppDelegate.m in Sources */ = {isa = PBXBuildFile; fileRef = EB8E9F0E19627828003C3320 /* BSAppDelegate.m */; };
		EB8E9F1219627828003C3320 /* Main.storyboard in Resources */ = {isa = PBXBuildFile; fileRef = EB8E9F1019627828003C3320 /* Main.storyboard */; };
		EB8E9F1519627828003C3320 /* BSViewController.m in Sources */ = {isa = PBXBuildFile; fileRef = EB8E9F1419627828003C3320 /* BSViewController.m */; };
		EB8E9F1719627828003C3320 /* Images.xcassets in Resources */ = {isa = PBXBuildFile; fileRef = EB8E9F1619627828003C3320 /* Images.xcassets */; };
		EB8E9F1E19627828003C3320 /* XCTest.framework in Frameworks */ = {isa = PBXBuildFile; fileRef = EB8E9F1D19627828003C3320 /* XCTest.framework */; };
		EB8E9F1F19627828003C3320 /* Foundation.framework in Frameworks */ = {isa = PBXBuildFile; fileRef = EB8E9EFE19627828003C3320 /* Foundation.framework */; };
		EB8E9F2019627828003C3320 /* UIKit.framework in Frameworks */ = {isa = PBXBuildFile; fileRef = EB8E9F0219627828003C3320 /* UIKit.framework */; };
		EB8E9F2819627828003C3320 /* InfoPlist.strings in Resources */ = {isa = PBXBuildFile; fileRef = EB8E9F2619627828003C3320 /* InfoPlist.strings */; };
		EB8E9F2A19627828003C3320 /* Test_GitTests.m in Sources */ = {isa = PBXBuildFile; fileRef = EB8E9F2919627828003C3320 /* Test_GitTests.m */; };
		EB8E9F3519627FD7003C3320 /* BSTest.m in Sources */ = {isa = PBXBuildFile; fileRef = EB8E9F3419627FD7003C3320 /* BSTest.m */; };
/* End PBXBuildFile section */

/* Begin PBXContainerItemProxy section */
		EB8E9F2119627828003C3320 /* PBXContainerItemProxy */ = {
			isa = PBXContainerItemProxy;
			containerPortal = EB8E9EF319627828003C3320 /* Project object */;
			proxyType = 1;
			remoteGlobalIDString = EB8E9EFA19627828003C3320;
			remoteInfo = "Test Git";
		};
/* End PBXContainerItemProxy section */

/* Begin PBXFileReference section */
		EB8E9EFB19627828003C3320 /* Test Git.app */ = {isa = PBXFileReference; explicitFileType = wrapper.application; includeInIndex = 0; path = "Test Git.app"; sourceTree = BUILT_PRODUCTS_DIR; };
		EB8E9EFE19627828003C3320 /* Foundation.framework */ = {isa = PBXFileReference; lastKnownFileType = wrapper.framework; name = Foundation.framework; path = System/Library/Frameworks/Foundation.framework; sourceTree = SDKROOT; };
		EB8E9F0019627828003C3320 /* CoreGraphics.framework */ = {isa = PBXFileReference; lastKnownFileType = wrapper.framework; name = CoreGraphics.framework; path = System/Library/Frameworks/CoreGraphics.framework; sourceTree = SDKROOT; };
		EB8E9F0219627828003C3320 /* UIKit.framework */ = {isa = PBXFileReference; lastKnownFileType = wrapper.framework; name = UIKit.framework; path = System/Library/Frameworks/UIKit.framework; sourceTree = SDKROOT; };
		EB8E9F0619627828003C3320 /* Test Git-Info.plist */ = {isa = PBXFileReference; lastKnownFileType = text.plist.xml; path = "Test Git-Info.plist"; sourceTree = "<group>"; };
		EB8E9F0819627828003C3320 /* en */ = {isa = PBXFileReference; lastKnownFileType = text.plist.strings; name = en; path = en.lproj/InfoPlist.strings; sourceTree = "<group>"; };
		EB8E9F0A19627828003C3320 /* main.m */ = {isa = PBXFileReference; lastKnownFileType = sourcecode.c.objc; path = main.m; sourceTree = "<group>"; };
		EB8E9F0C19627828003C3320 /* Test Git-Prefix.pch */ = {isa = PBXFileReference; lastKnownFileType = sourcecode.c.h; path = "Test Git-Prefix.pch"; sourceTree = "<group>"; };
		EB8E9F0D19627828003C3320 /* BSAppDelegate.h */ = {isa = PBXFileReference; lastKnownFileType = sourcecode.c.h; path = BSAppDelegate.h; sourceTree = "<group>"; };
		EB8E9F0E19627828003C3320 /* BSAppDelegate.m */ = {isa = PBXFileReference; lastKnownFileType = sourcecode.c.objc; path = BSAppDelegate.m; sourceTree = "<group>"; };
		EB8E9F1119627828003C3320 /* Base */ = {isa = PBXFileReference; lastKnownFileType = file.storyboard; name = Base; path = Base.lproj/Main.storyboard; sourceTree = "<group>"; };
		EB8E9F1319627828003C3320 /* BSViewController.h */ = {isa = PBXFileReference; lastKnownFileType = sourcecode.c.h; path = BSViewController.h; sourceTree = "<group>"; };
		EB8E9F1419627828003C3320 /* BSViewController.m */ = {isa = PBXFileReference; lastKnownFileType = sourcecode.c.objc; path = BSViewController.m; sourceTree = "<group>"; };
		EB8E9F1619627828003C3320 /* Images.xcassets */ = {isa = PBXFileReference; lastKnownFileType = folder.assetcatalog; path = Images.xcassets; sourceTree = "<group>"; };
		EB8E9F1C19627828003C3320 /* Test GitTests.xctest */ = {isa = PBXFileReference; explicitFileType = wrapper.cfbundle; includeInIndex = 0; path = "Test GitTests.xctest"; sourceTree = BUILT_PRODUCTS_DIR; };
		EB8E9F1D19627828003C3320 /* XCTest.framework */ = {isa = PBXFileReference; lastKnownFileType = wrapper.framework; name = XCTest.framework; path = Library/Frameworks/XCTest.framework; sourceTree = DEVELOPER_DIR; };
		EB8E9F2519627828003C3320 /* Test GitTests-Info.plist */ = {isa = PBXFileReference; lastKnownFileType = text.plist.xml; path = "Test GitTests-Info.plist"; sourceTree = "<group>"; };
		EB8E9F2719627828003C3320 /* en */ = {isa = PBXFileReference; lastKnownFileType = text.plist.strings; name = en; path = en.lproj/InfoPlist.strings; sourceTree = "<group>"; };
		EB8E9F2919627828003C3320 /* Test_GitTests.m */ = {isa = PBXFileReference; lastKnownFileType = sourcecode.c.objc; path = Test_GitTests.m; sourceTree = "<group>"; };
		EB8E9F3319627FD7003C3320 /* BSTest.h */ = {isa = PBXFileReference; fileEncoding = 4; lastKnownFileType = sourcecode.c.h; path = BSTest.h; sourceTree = "<group>"; };
		EB8E9F3419627FD7003C3320 /* BSTest.m */ = {isa = PBXFileReference; fileEncoding = 4; lastKnownFileType = sourcecode.c.objc; path = BSTest.m; sourceTree = "<group>"; };
/* End PBXFileReference section */

/* Begin PBXFrameworksBuildPhase section */
		EB8E9EF819627828003C3320 /* Frameworks */ = {
			isa = PBXFrameworksBuildPhase;
			buildActionMask = 2147483647;
			files = (
				EB8E9F0119627828003C3320 /* CoreGraphics.framework in Frameworks */,
				EB8E9F0319627828003C3320 /* UIKit.framework in Frameworks */,
				EB8E9EFF19627828003C3320 /* Foundation.framework in Frameworks */,
			);
			runOnlyForDeploymentPostprocessing = 0;
		};
		EB8E9F1919627828003C3320 /* Frameworks */ = {
			isa = PBXFrameworksBuildPhase;
			buildActionMask = 2147483647;
			files = (
				EB8E9F1E19627828003C3320 /* XCTest.framework in Frameworks */,
				EB8E9F2019627828003C3320 /* UIKit.framework in Frameworks */,
				EB8E9F1F19627828003C3320 /* Foundation.framework in Frameworks */,
			);
			runOnlyForDeploymentPostprocessing = 0;
		};
/* End PBXFrameworksBuildPhase section */

/* Begin PBXGroup section */
		EB8E9EF219627828003C3320 = {
			isa = PBXGroup;
			children = (
				EB8E9F3319627FD7003C3320 /* BSTest.h */,
				EB8E9F3419627FD7003C3320 /* BSTest.m */,
				EB8E9F0419627828003C3320 /* Test Git */,
				EB8E9F2319627828003C3320 /* Test GitTests */,
				EB8E9EFD19627828003C3320 /* Frameworks */,
				EB8E9EFC19627828003C3320 /* Products */,
			);
			sourceTree = "<group>";
		};
		EB8E9EFC19627828003C3320 /* Products */ = {
			isa = PBXGroup;
			children = (
				EB8E9EFB19627828003C3320 /* Test Git.app */,
				EB8E9F1C19627828003C3320 /* Test GitTests.xctest */,
			);
			name = Products;
			sourceTree = "<group>";
		};
		EB8E9EFD19627828003C3320 /* Frameworks */ = {
			isa = PBXGroup;
			children = (
				EB8E9EFE19627828003C3320 /* Foundation.framework */,
				EB8E9F0019627828003C3320 /* CoreGraphics.framework */,
				EB8E9F0219627828003C3320 /* UIKit.framework */,
				EB8E9F1D19627828003C3320 /* XCTest.framework */,
			);
			name = Frameworks;
			sourceTree = "<group>";
		};
		EB8E9F0419627828003C3320 /* Test Git */ = {
			isa = PBXGroup;
			children = (
				EB8E9F0D19627828003C3320 /* BSAppDelegate.h */,
				EB8E9F0E19627828003C3320 /* BSAppDelegate.m */,
				EB8E9F1019627828003C3320 /* Main.storyboard */,
				EB8E9F1319627828003C3320 /* BSViewController.h */,
				EB8E9F1419627828003C3320 /* BSViewController.m */,
				EB8E9F1619627828003C3320 /* Images.xcassets */,
				EB8E9F0519627828003C3320 /* Supporting Files */,
			);
			path = "Test Git";
			sourceTree = "<group>";
		};
		EB8E9F0519627828003C3320 /* Supporting Files */ = {
			isa = PBXGroup;
			children = (
				EB8E9F0619627828003C3320 /* Test Git-Info.plist */,
				EB8E9F0719627828003C3320 /* InfoPlist.strings */,
				EB8E9F0A19627828003C3320 /* main.m */,
				EB8E9F0C19627828003C3320 /* Test Git-Prefix.pch */,
			);
			name = "Supporting Files";
			sourceTree = "<group>";
		};
		EB8E9F2319627828003C3320 /* Test GitTests */ = {
			isa = PBXGroup;
			children = (
				EB8E9F2919627828003C3320 /* Test_GitTests.m */,
				EB8E9F2419627828003C3320 /* Supporting Files */,
			);
			path = "Test GitTests";
			sourceTree = "<group>";
		};
		EB8E9F2419627828003C3320 /* Supporting Files */ = {
			isa = PBXGroup;
			children = (
				EB8E9F2519627828003C3320 /* Test GitTests-Info.plist */,
				EB8E9F2619627828003C3320 /* InfoPlist.strings */,
			);
			name = "Supporting Files";
			sourceTree = "<group>";
		};
/* End PBXGroup section */

/* Begin PBXNativeTarget section */
		EB8E9EFA19627828003C3320 /* Test Git */ = {
			isa = PBXNativeTarget;
			buildConfigurationList = EB8E9F2D19627828003C3320 /* Build configuration list for PBXNativeTarget "Test Git" */;
			buildPhases = (
				EB8E9EF719627828003C3320 /* Sources */,
				EB8E9EF819627828003C3320 /* Frameworks */,
				EB8E9EF919627828003C3320 /* Resources */,
			);
			buildRules = (
			);
			dependencies = (
			);
			name = "Test Git";
			productName = "Test Git";
			productReference = EB8E9EFB19627828003C3320 /* Test Git.app */;
			productType = "com.apple.product-type.application";
		};
		EB8E9F1B19627828003C3320 /* Test GitTests */ = {
			isa = PBXNativeTarget;
			buildConfigurationList = EB8E9F3019627828003C3320 /* Build configuration list for PBXNativeTarget "Test GitTests" */;
			buildPhases = (
				EB8E9F1819627828003C3320 /* Sources */,
				EB8E9F1919627828003C3320 /* Frameworks */,
				EB8E9F1A19627828003C3320 /* Resources */,
			);
			buildRules = (
			);
			dependencies = (
				EB8E9F2219627828003C3320 /* PBXTargetDependency */,
			);
			name = "Test GitTests";
			productName = "Test GitTests";
			productReference = EB8E9F1C19627828003C3320 /* Test GitTests.xctest */;
			productType = "com.apple.product-type.bundle.unit-test";
		};
/* End PBXNativeTarget section */

/* Begin PBXProject section */
		EB8E9EF319627828003C3320 /* Project object */ = {
			isa = PBXProject;
			attributes = {
				CLASSPREFIX = BS;
				LastUpgradeCheck = 0510;
				ORGANIZATIONNAME = Baraansoft;
				TargetAttributes = {
					EB8E9F1B19627828003C3320 = {
						TestTargetID = EB8E9EFA19627828003C3320;
					};
				};
			};
			buildConfigurationList = EB8E9EF619627828003C3320 /* Build configuration list for PBXProject "Test Git" */;
			compatibilityVersion = "Xcode 3.2";
			developmentRegion = English;
			hasScannedForEncodings = 0;
			knownRegions = (
				en,
				Base,
			);
			mainGroup = EB8E9EF219627828003C3320;
			productRefGroup = EB8E9EFC19627828003C3320 /* Products */;
			projectDirPath = "";
			projectRoot = "";
			targets = (
				EB8E9EFA19627828003C3320 /* Test Git */,
				EB8E9F1B19627828003C3320 /* Test GitTests */,
			);
		};
/* End PBXProject section */

/* Begin PBXResourcesBuildPhase section */
		EB8E9EF919627828003C3320 /* Resources */ = {
			isa = PBXResourcesBuildPhase;
			buildActionMask = 2147483647;
			files = (
				EB8E9F1719627828003C3320 /* Images.xcassets in Resources */,
				EB8E9F0919627828003C3320 /* InfoPlist.strings in Resources */,
				EB8E9F1219627828003C3320 /* Main.storyboard in Resources */,
			);
			runOnlyForDeploymentPostprocessing = 0;
		};
		EB8E9F1A19627828003C3320 /* Resources */ = {
			isa = PBXResourcesBuildPhase;
			buildActionMask = 2147483647;
			files = (
				EB8E9F2819627828003C3320 /* InfoPlist.strings in Resources */,
			);
			runOnlyForDeploymentPostprocessing = 0;
		};
/* End PBXResourcesBuildPhase section */

/* Begin PBXSourcesBuildPhase section */
		EB8E9EF719627828003C3320 /* Sources */ = {
			isa = PBXSourcesBuildPhase;
			buildActionMask = 2147483647;
			files = (
				EB8E9F3519627FD7003C3320 /* BSTest.m in Sources */,
				EB8E9F1519627828003C3320 /* BSViewController.m in Sources */,
				EB8E9F0B19627828003C3320 /* main.m in Sources */,
				EB8E9F0F19627828003C3320 /* BSAppDelegate.m in Sources */,
			);
			runOnlyForDeploymentPostprocessing = 0;
		};
		EB8E9F1819627828003C3320 /* Sources */ = {
			isa = PBXSourcesBuildPhase;
			buildActionMask = 2147483647;
			files = (
				EB8E9F2A19627828003C3320 /* Test_GitTests.m in Sources */,
			);
			runOnlyForDeploymentPostprocessing = 0;
		};
/* End PBXSourcesBuildPhase section */

/* Begin PBXTargetDependency section */
		EB8E9F2219627828003C3320 /* PBXTargetDependency */ = {
			isa = PBXTargetDependency;
			target = EB8E9EFA19627828003C3320 /* Test Git */;
			targetProxy = EB8E9F2119627828003C3320 /* PBXContainerItemProxy */;
		};
/* End PBXTargetDependency section */

/* Begin PBXVariantGroup section */
		EB8E9F0719627828003C3320 /* InfoPlist.strings */ = {
			isa = PBXVariantGroup;
			children = (
				EB8E9F0819627828003C3320 /* en */,
			);
			name = InfoPlist.strings;
			sourceTree = "<group>";
		};
		EB8E9F1019627828003C3320 /* Main.storyboard */ = {
			isa = PBXVariantGroup;
			children = (
				EB8E9F1119627828003C3320 /* Base */,
			);
			name = Main.storyboard;
			sourceTree = "<group>";
		};
		EB8E9F2619627828003C3320 /* InfoPlist.strings */ = {
			isa = PBXVariantGroup;
			children = (
				EB8E9F2719627828003C3320 /* en */,
			);
			name = InfoPlist.strings;
			sourceTree = "<group>";
		};
/* End PBXVariantGroup section */

/* Begin XCBuildConfiguration section */
		EB8E9F2B19627828003C3320 /* Debug */ = {
			isa = XCBuildConfiguration;
			buildSettings = {
				ALWAYS_SEARCH_USER_PATHS = NO;
				CLANG_CXX_LANGUAGE_STANDARD = "gnu++0x";
				CLANG_CXX_LIBRARY = "libc++";
				CLANG_ENABLE_MODULES = YES;
				CLANG_ENABLE_OBJC_ARC = YES;
				CLANG_WARN_BOOL_CONVERSION = YES;
				CLANG_WARN_CONSTANT_CONVERSION = YES;
				CLANG_WARN_DIRECT_OBJC_ISA_USAGE = YES_ERROR;
				CLANG_WARN_EMPTY_BODY = YES;
				CLANG_WARN_ENUM_CONVERSION = YES;
				CLANG_WARN_INT_CONVERSION = YES;
				CLANG_WARN_OBJC_ROOT_CLASS = YES_ERROR;
				CLANG_WARN__DUPLICATE_METHOD_MATCH = YES;
				"CODE_SIGN_IDENTITY[sdk=iphoneos*]" = "iPhone Developer";
				COPY_PHASE_STRIP = NO;
				GCC_C_LANGUAGE_STANDARD = gnu99;
				GCC_DYNAMIC_NO_PIC = NO;
				GCC_OPTIMIZATION_LEVEL = 0;
				GCC_PREPROCESSOR_DEFINITIONS = (
					"DEBUG=1",
					"$(inherited)",
				);
				GCC_SYMBOLS_PRIVATE_EXTERN = NO;
				GCC_WARN_64_TO_32_BIT_CONVERSION = YES;
				GCC_WARN_ABOUT_RETURN_TYPE = YES_ERROR;
				GCC_WARN_UNDECLARED_SELECTOR = YES;
				GCC_WARN_UNINITIALIZED_AUTOS = YES_AGGRESSIVE;
				GCC_WARN_UNUSED_FUNCTION = YES;
				GCC_WARN_UNUSED_VARIABLE = YES;
				IPHONEOS_DEPLOYMENT_TARGET = 7.1;
				ONLY_ACTIVE_ARCH = YES;
				SDKROOT = iphoneos;
			};
			name = Debug;
		};
		EB8E9F2C19627828003C3320 /* Release */ = {
			isa = XCBuildConfiguration;
			buildSettings = {
				ALWAYS_SEARCH_USER_PATHS = NO;
				CLANG_CXX_LANGUAGE_STANDARD = "gnu++0x";
				CLANG_CXX_LIBRARY = "libc++";
				CLANG_ENABLE_MODULES = YES;
				CLANG_ENABLE_OBJC_ARC = YES;
				CLANG_WARN_BOOL_CONVERSION = YES;
				CLANG_WARN_CONSTANT_CONVERSION = YES;
				CLANG_WARN_DIRECT_OBJC_ISA_USAGE = YES_ERROR;
				CLANG_WARN_EMPTY_BODY = YES;
				CLANG_WARN_ENUM_CONVERSION = YES;
				CLANG_WARN_INT_CONVERSION = YES;
				CLANG_WARN_OBJC_ROOT_CLASS = YES_ERROR;
				CLANG_WARN__DUPLICATE_METHOD_MATCH = YES;
				"CODE_SIGN_IDENTITY[sdk=iphoneos*]" = "iPhone Developer";
				COPY_PHASE_STRIP = YES;
				ENABLE_NS_ASSERTIONS = NO;
				GCC_C_LANGUAGE_STANDARD = gnu99;
				GCC_WARN_64_TO_32_BIT_CONVERSION = YES;
				GCC_WARN_ABOUT_RETURN_TYPE = YES_ERROR;
				GCC_WARN_UNDECLARED_SELECTOR = YES;
				GCC_WARN_UNINITIALIZED_AUTOS = YES_AGGRESSIVE;
				GCC_WARN_UNUSED_FUNCTION = YES;
				GCC_WARN_UNUSED_VARIABLE = YES;
				IPHONEOS_DEPLOYMENT_TARGET = 7.1;
				SDKROOT = iphoneos;
				VALIDATE_PRODUCT = YES;
			};
			name = Release;
		};
		EB8E9F2E19627828003C3320 /* Debug */ = {
			isa = XCBuildConfiguration;
			buildSettings = {
				ASSETCATALOG_COMPILER_APPICON_NAME = AppIcon;
				ASSETCATALOG_COMPILER_LAUNCHIMAGE_NAME = LaunchImage;
				GCC_PRECOMPILE_PREFIX_HEADER = YES;
				GCC_PREFIX_HEADER = "Test Git/Test Git-Prefix.pch";
				INFOPLIST_FILE = "Test Git/Test Git-Info.plist";
				PRODUCT_NAME = "$(TARGET_NAME)";
				WRAPPER_EXTENSION = app;
			};
			name = Debug;
		};
		EB8E9F2F19627828003C3320 /* Release */ = {
			isa = XCBuildConfiguration;
			buildSettings = {
				ASSETCATALOG_COMPILER_APPICON_NAME = AppIcon;
				ASSETCATALOG_COMPILER_LAUNCHIMAGE_NAME = LaunchImage;
				GCC_PRECOMPILE_PREFIX_HEADER = YES;
				GCC_PREFIX_HEADER = "Test Git/Test Git-Prefix.pch";
				INFOPLIST_FILE = "Test Git/Test Git-Info.plist";
				PRODUCT_NAME = "$(TARGET_NAME)";
				WRAPPER_EXTENSION = app;
			};
			name = Release;
		};
		EB8E9F3119627828003C3320 /* Debug */ = {
			isa = XCBuildConfiguration;
			buildSettings = {
				BUNDLE_LOADER = "$(BUILT_PRODUCTS_DIR)/Test Git.app/Test Git";
				FRAMEWORK_SEARCH_PATHS = (
					"$(SDKROOT)/Developer/Library/Frameworks",
					"$(inherited)",
					"$(DEVELOPER_FRAMEWORKS_DIR)",
				);
				GCC_PRECOMPILE_PREFIX_HEADER = YES;
				GCC_PREFIX_HEADER = "Test Git/Test Git-Prefix.pch";
				GCC_PREPROCESSOR_DEFINITIONS = (
					"DEBUG=1",
					"$(inherited)",
				);
				INFOPLIST_FILE = "Test GitTests/Test GitTests-Info.plist";
				PRODUCT_NAME = "$(TARGET_NAME)";
				TEST_HOST = "$(BUNDLE_LOADER)";
				WRAPPER_EXTENSION = xctest;
			};
			name = Debug;
		};
		EB8E9F3219627828003C3320 /* Release */ = {
			isa = XCBuildConfiguration;
			buildSettings = {
				BUNDLE_LOADER = "$(BUILT_PRODUCTS_DIR)/Test Git.app/Test Git";
				FRAMEWORK_SEARCH_PATHS = (
					"$(SDKROOT)/Developer/Library/Frameworks",
					"$(inherited)",
					"$(DEVELOPER_FRAMEWORKS_DIR)",
				);
				GCC_PRECOMPILE_PREFIX_HEADER = YES;
				GCC_PREFIX_HEADER = "Test Git/Test Git-Prefix.pch";
				INFOPLIST_FILE = "Test GitTests/Test GitTests-Info.plist";
				PRODUCT_NAME = "$(TARGET_NAME)";
				TEST_HOST = "$(BUNDLE_LOADER)";
				WRAPPER_EXTENSION = xctest;
			};
			name = Release;
		};
/* End XCBuildConfiguration section */

/* Begin XCConfigurationList section */
		EB8E9EF619627828003C3320 /* Build configuration list for PBXProject "Test Git" */ = {
			isa = XCConfigurationList;
			buildConfigurations = (
				EB8E9F2B19627828003C3320 /* Debug */,
				EB8E9F2C19627828003C3320 /* Release */,
			);
			defaultConfigurationIsVisible = 0;
			defaultConfigurationName = Release;
		};
		EB8E9F2D19627828003C3320 /* Build configuration list for PBXNativeTarget "Test Git" */ = {
			isa = XCConfigurationList;
			buildConfigurations = (
				EB8E9F2E19627828003C3320 /* Debug */,
				EB8E9F2F19627828003C3320 /* Release */,
			);
			defaultConfigurationIsVisible = 0;
		};
		EB8E9F3019627828003C3320 /* Build configuration list for PBXNativeTarget "Test GitTests" */ = {
			isa = XCConfigurationList;
			buildConfigurations = (
				EB8E9F3119627828003C3320 /* Debug */,
				EB8E9F3219627828003C3320 /* Release */,
			);
			defaultConfigurationIsVisible = 0;
		};
/* End XCConfigurationList section */
	};
	rootObject = EB8E9EF319627828003C3320 /* Project object */;
}
